
Microsoft Visual Studio Solution File, Format Version 12.00
# Visual Studio 15
VisualStudioVersion = 15.0.28307.329
MinimumVisualStudioVersion = 10.0.40219.1
Project("{FAE04EC0-301F-11D3-BF4B-00C04F79EFBC}") = "ClientNode", "ClientNode\ClientNode.csproj", "{3A203E3A-6AAF-4742-A389-4E6E89997F8C}"
EndProject
Global
	GlobalSection(SolutionConfigurationPlatforms) = preSolution
		Debug|Any CPU = Debug|Any CPU
		Release|Any CPU = Release|Any CPU
	EndGlobalSection
	GlobalSection(ProjectConfigurationPlatforms) = postSolution
		{3A203E3A-6AAF-4742-A389-4E6E89997F8C}.Debug|Any CPU.ActiveCfg = Debug|Any CPU
		{3A203E3A-6AAF-4742-A389-4E6E89997F8C}.Debug|Any CPU.Build.0 = Debug|Any CPU
		{3A203E3A-6AAF-4742-A389-4E6E89997F8C}.Release|Any CPU.ActiveCfg = Release|Any CPU
		{3A203E3A-6AAF-4742-A389-4E6E89997F8C}.Release|Any CPU.Build.0 = Release|Any CPU
	EndGlobalSection
	GlobalSection(SolutionProperties) = preSolution
		HideSolutionNode = FALSE
	EndGlobalSection
	GlobalSection(ExtensibilityGlobals) = postSolution
		SolutionGuid = {01B55299-C352-4F31-BBCA-56A500D40807}
	EndGlobalSection
EndGlobal
